
Microsoft Visual Studio Solution File, Format Version 12.00
# Visual Studio Version 18
VisualStudioVersion = 18.3.11429.125 d18.3
MinimumVisualStudioVersion = 10.0.40219.1
Project("{FAE04EC0-301F-11D3-BF4B-00C04F79EFBC}") = "BlazorEmoji", "BlazorEmoji\BlazorEmoji.csproj", "{A3F50BE1-99F7-65F8-2588-DCDFF1226FC9}"
EndProject
Global
	GlobalSection(SolutionConfigurationPlatforms) = preSolution
		Debug|Any CPU = Debug|Any CPU
		Release|Any CPU = Release|Any CPU
	EndGlobalSection
	GlobalSection(ProjectConfigurationPlatforms) = postSolution
		{A3F50BE1-99F7-65F8-2588-DCDFF1226FC9}.Debug|Any CPU.ActiveCfg = Debug|Any CPU
		{A3F50BE1-99F7-65F8-2588-DCDFF1226FC9}.Debug|Any CPU.Build.0 = Debug|Any CPU
		{A3F50BE1-99F7-65F8-2588-DCDFF1226FC9}.Release|Any CPU.ActiveCfg = Release|Any CPU
		{A3F50BE1-99F7-65F8-2588-DCDFF1226FC9}.Release|Any CPU.Build.0 = Release|Any CPU
	EndGlobalSection
	GlobalSection(SolutionProperties) = preSolution
		HideSolutionNode = FALSE
	EndGlobalSection
	GlobalSection(ExtensibilityGlobals) = postSolution
		SolutionGuid = {1C103034-A7D6-47D6-BE57-E3C4762CC24D}
	EndGlobalSection
EndGlobal
